// !$*UTF8*$!
{
	archiveVersion = 1;
	classes = {
	};
	objectVersion = 50;
	objects = {

/* Begin PBXBuildFile section */
		1DD3C7F5204D9EB8003E1595 /* AppDelegate.swift in Sources */ = {isa = PBXBuildFile; fileRef = 1DD3C7F4204D9EB8003E1595 /* AppDelegate.swift */; };
		1DD3C7F7204D9EB8003E1595 /* ViewController.swift in Sources */ = {isa = PBXBuildFile; fileRef = 1DD3C7F6204D9EB8003E1595 /* ViewController.swift */; };
		1DD3C7FA204D9EB8003E1595 /* Main.storyboard in Resources */ = {isa = PBXBuildFile; fileRef = 1DD3C7F8204D9EB8003E1595 /* Main.storyboard */; };
		1DD3C7FC204D9EBA003E1595 /* Assets.xcassets in Resources */ = {isa = PBXBuildFile; fileRef = 1DD3C7FB204D9EBA003E1595 /* Assets.xcassets */; };
		1DD3C7FF204D9EBA003E1595 /* LaunchScreen.storyboard in Resources */ = {isa = PBXBuildFile; fileRef = 1DD3C7FD204D9EBA003E1595 /* LaunchScreen.storyboard */; };
		1DD3C80A204D9EBA003E1595 /* _048_of_LifeTests.swift in Sources */ = {isa = PBXBuildFile; fileRef = 1DD3C809204D9EBA003E1595 /* _048_of_LifeTests.swift */; };
		1DD3C815204D9EBA003E1595 /* _048_of_LifeUITests.swift in Sources */ = {isa = PBXBuildFile; fileRef = 1DD3C814204D9EBA003E1595 /* _048_of_LifeUITests.swift */; };
		1DD3C824204DA0C0003E1595 /* Game.swift in Sources */ = {isa = PBXBuildFile; fileRef = 1DD3C823204DA0C0003E1595 /* Game.swift */; };
		1DD3C826204DA0FF003E1595 /* Appearance.swift in Sources */ = {isa = PBXBuildFile; fileRef = 1DD3C825204DA0FF003E1595 /* Appearance.swift */; };
		1DD3C828204DA109003E1595 /* Board.swift in Sources */ = {isa = PBXBuildFile; fileRef = 1DD3C827204DA109003E1595 /* Board.swift */; };
		1DD3C82A204DA111003E1595 /* Tile.swift in Sources */ = {isa = PBXBuildFile; fileRef = 1DD3C829204DA111003E1595 /* Tile.swift */; };
		1DD3C82C204DA11F003E1595 /* Accessory.swift in Sources */ = {isa = PBXBuildFile; fileRef = 1DD3C82B204DA11F003E1595 /* Accessory.swift */; };
		1DD3C82E204DA130003E1595 /* GameModel.swift in Sources */ = {isa = PBXBuildFile; fileRef = 1DD3C82D204DA130003E1595 /* GameModel.swift */; };
		1DD3C830204DA142003E1595 /* AuxModel.swift in Sources */ = {isa = PBXBuildFile; fileRef = 1DD3C82F204DA142003E1595 /* AuxModel.swift */; };
/* End PBXBuildFile section */

/* Begin PBXContainerItemProxy section */
		1DD3C806204D9EBA003E1595 /* PBXContainerItemProxy */ = {
			isa = PBXContainerItemProxy;
			containerPortal = 1DD3C7E9204D9EB8003E1595 /* Project object */;
			proxyType = 1;
			remoteGlobalIDString = 1DD3C7F0204D9EB8003E1595;
			remoteInfo = 2048_of_Life;
		};
		1DD3C811204D9EBA003E1595 /* PBXContainerItemProxy */ = {
			isa = PBXContainerItemProxy;
			containerPortal = 1DD3C7E9204D9EB8003E1595 /* Project object */;
			proxyType = 1;
			remoteGlobalIDString = 1DD3C7F0204D9EB8003E1595;
			remoteInfo = 2048_of_Life;
		};
/* End PBXContainerItemProxy section */

/* Begin PBXFileReference section */
		1DD3C7F1204D9EB8003E1595 /* 2048_of_Life.app */ = {isa = PBXFileReference; explicitFileType = wrapper.application; includeInIndex = 0; path = 2048_of_Life.app; sourceTree = BUILT_PRODUCTS_DIR; };
		1DD3C7F4204D9EB8003E1595 /* AppDelegate.swift */ = {isa = PBXFileReference; lastKnownFileType = sourcecode.swift; path = AppDelegate.swift; sourceTree = "<group>"; };
		1DD3C7F6204D9EB8003E1595 /* ViewController.swift */ = {isa = PBXFileReference; lastKnownFileType = sourcecode.swift; path = ViewController.swift; sourceTree = "<group>"; };
		1DD3C7F9204D9EB8003E1595 /* Base */ = {isa = PBXFileReference; lastKnownFileType = file.storyboard; name = Base; path = Base.lproj/Main.storyboard; sourceTree = "<group>"; };
		1DD3C7FB204D9EBA003E1595 /* Assets.xcassets */ = {isa = PBXFileReference; lastKnownFileType = folder.assetcatalog; path = Assets.xcassets; sourceTree = "<group>"; };
		1DD3C7FE204D9EBA003E1595 /* Base */ = {isa = PBXFileReference; lastKnownFileType = file.storyboard; name = Base; path = Base.lproj/LaunchScreen.storyboard; sourceTree = "<group>"; };
		1DD3C800204D9EBA003E1595 /* Info.plist */ = {isa = PBXFileReference; lastKnownFileType = text.plist.xml; path = Info.plist; sourceTree = "<group>"; };
		1DD3C805204D9EBA003E1595 /* 2048_of_LifeTests.xctest */ = {isa = PBXFileReference; explicitFileType = wrapper.cfbundle; includeInIndex = 0; path = 2048_of_LifeTests.xctest; sourceTree = BUILT_PRODUCTS_DIR; };
		1DD3C809204D9EBA003E1595 /* _048_of_LifeTests.swift */ = {isa = PBXFileReference; lastKnownFileType = sourcecode.swift; path = _048_of_LifeTests.swift; sourceTree = "<group>"; };
		1DD3C80B204D9EBA003E1595 /* Info.plist */ = {isa = PBXFileReference; lastKnownFileType = text.plist.xml; path = Info.plist; sourceTree = "<group>"; };
		1DD3C810204D9EBA003E1595 /* 2048_of_LifeUITests.xctest */ = {isa = PBXFileReference; explicitFileType = wrapper.cfbundle; includeInIndex = 0; path = 2048_of_LifeUITests.xctest; sourceTree = BUILT_PRODUCTS_DIR; };
		1DD3C814204D9EBA003E1595 /* _048_of_LifeUITests.swift */ = {isa = PBXFileReference; lastKnownFileType = sourcecode.swift; path = _048_of_LifeUITests.swift; sourceTree = "<group>"; };
		1DD3C816204D9EBA003E1595 /* Info.plist */ = {isa = PBXFileReference; lastKnownFileType = text.plist.xml; path = Info.plist; sourceTree = "<group>"; };
		1DD3C823204DA0C0003E1595 /* Game.swift */ = {isa = PBXFileReference; lastKnownFileType = sourcecode.swift; path = Game.swift; sourceTree = "<group>"; };
		1DD3C825204DA0FF003E1595 /* Appearance.swift */ = {isa = PBXFileReference; lastKnownFileType = sourcecode.swift; path = Appearance.swift; sourceTree = "<group>"; };
		1DD3C827204DA109003E1595 /* Board.swift */ = {isa = PBXFileReference; lastKnownFileType = sourcecode.swift; path = Board.swift; sourceTree = "<group>"; };
		1DD3C829204DA111003E1595 /* Tile.swift */ = {isa = PBXFileReference; lastKnownFileType = sourcecode.swift; path = Tile.swift; sourceTree = "<group>"; };
		1DD3C82B204DA11F003E1595 /* Accessory.swift */ = {isa = PBXFileReference; lastKnownFileType = sourcecode.swift; path = Accessory.swift; sourceTree = "<group>"; };
		1DD3C82D204DA130003E1595 /* GameModel.swift */ = {isa = PBXFileReference; lastKnownFileType = sourcecode.swift; path = GameModel.swift; sourceTree = "<group>"; };
		1DD3C82F204DA142003E1595 /* AuxModel.swift */ = {isa = PBXFileReference; lastKnownFileType = sourcecode.swift; path = AuxModel.swift; sourceTree = "<group>"; };
/* End PBXFileReference section */

/* Begin PBXFrameworksBuildPhase section */
		1DD3C7EE204D9EB8003E1595 /* Frameworks */ = {
			isa = PBXFrameworksBuildPhase;
			buildActionMask = 2147483647;
			files = (
			);
			runOnlyForDeploymentPostprocessing = 0;
		};
		1DD3C802204D9EBA003E1595 /* Frameworks */ = {
			isa = PBXFrameworksBuildPhase;
			buildActionMask = 2147483647;
			files = (
			);
			runOnlyForDeploymentPostprocessing = 0;
		};
		1DD3C80D204D9EBA003E1595 /* Frameworks */ = {
			isa = PBXFrameworksBuildPhase;
			buildActionMask = 2147483647;
			files = (
			);
			runOnlyForDeploymentPostprocessing = 0;
		};
/* End PBXFrameworksBuildPhase section */

/* Begin PBXGroup section */
		1DD3C7E8204D9EB8003E1595 = {
			isa = PBXGroup;
			children = (
				1DD3C7F3204D9EB8003E1595 /* 2048_of_Life */,
				1DD3C808204D9EBA003E1595 /* 2048_of_LifeTests */,
				1DD3C813204D9EBA003E1595 /* 2048_of_LifeUITests */,
				1DD3C7F2204D9EB8003E1595 /* Products */,
			);
			sourceTree = "<group>";
		};
		1DD3C7F2204D9EB8003E1595 /* Products */ = {
			isa = PBXGroup;
			children = (
				1DD3C7F1204D9EB8003E1595 /* 2048_of_Life.app */,
				1DD3C805204D9EBA003E1595 /* 2048_of_LifeTests.xctest */,
				1DD3C810204D9EBA003E1595 /* 2048_of_LifeUITests.xctest */,
			);
			name = Products;
			sourceTree = "<group>";
		};
		1DD3C7F3204D9EB8003E1595 /* 2048_of_Life */ = {
			isa = PBXGroup;
			children = (
				1DD3C833204DA167003E1595 /* Game */,
				1DD3C831204DA14E003E1595 /* Views */,
				1DD3C832204DA15F003E1595 /* Models */,
				1DD3C800204D9EBA003E1595 /* Info.plist */,
				1DD3C822204DA064003E1595 /* Assets */,
			);
			path = 2048_of_Life;
			sourceTree = "<group>";
		};
		1DD3C808204D9EBA003E1595 /* 2048_of_LifeTests */ = {
			isa = PBXGroup;
			children = (
				1DD3C809204D9EBA003E1595 /* _048_of_LifeTests.swift */,
				1DD3C80B204D9EBA003E1595 /* Info.plist */,
			);
			path = 2048_of_LifeTests;
			sourceTree = "<group>";
		};
		1DD3C813204D9EBA003E1595 /* 2048_of_LifeUITests */ = {
			isa = PBXGroup;
			children = (
				1DD3C814204D9EBA003E1595 /* _048_of_LifeUITests.swift */,
				1DD3C816204D9EBA003E1595 /* Info.plist */,
			);
			path = 2048_of_LifeUITests;
			sourceTree = "<group>";
		};
		1DD3C822204DA064003E1595 /* Assets */ = {
			isa = PBXGroup;
			children = (
				1DD3C7F6204D9EB8003E1595 /* ViewController.swift */,
				1DD3C7F4204D9EB8003E1595 /* AppDelegate.swift */,
				1DD3C7F8204D9EB8003E1595 /* Main.storyboard */,
				1DD3C7FB204D9EBA003E1595 /* Assets.xcassets */,
				1DD3C7FD204D9EBA003E1595 /* LaunchScreen.storyboard */,
			);
			path = Assets;
			sourceTree = "<group>";
		};
		1DD3C831204DA14E003E1595 /* Views */ = {
			isa = PBXGroup;
			children = (
				1DD3C82B204DA11F003E1595 /* Accessory.swift */,
				1DD3C827204DA109003E1595 /* Board.swift */,
				1DD3C829204DA111003E1595 /* Tile.swift */,
			);
			path = Views;
			sourceTree = "<group>";
		};
		1DD3C832204DA15F003E1595 /* Models */ = {
			isa = PBXGroup;
			children = (
				1DD3C82D204DA130003E1595 /* GameModel.swift */,
				1DD3C82F204DA142003E1595 /* AuxModel.swift */,
			);
			path = Models;
			sourceTree = "<group>";
		};
		1DD3C833204DA167003E1595 /* Game */ = {
			isa = PBXGroup;
			children = (
				1DD3C823204DA0C0003E1595 /* Game.swift */,
				1DD3C825204DA0FF003E1595 /* Appearance.swift */,
			);
			path = Game;
			sourceTree = "<group>";
		};
/* End PBXGroup section */

/* Begin PBXNativeTarget section */
		1DD3C7F0204D9EB8003E1595 /* 2048_of_Life */ = {
			isa = PBXNativeTarget;
			buildConfigurationList = 1DD3C819204D9EBA003E1595 /* Build configuration list for PBXNativeTarget "2048_of_Life" */;
			buildPhases = (
				1DD3C7ED204D9EB8003E1595 /* Sources */,
				1DD3C7EE204D9EB8003E1595 /* Frameworks */,
				1DD3C7EF204D9EB8003E1595 /* Resources */,
			);
			buildRules = (
			);
			dependencies = (
			);
			name = 2048_of_Life;
			productName = 2048_of_Life;
			productReference = 1DD3C7F1204D9EB8003E1595 /* 2048_of_Life.app */;
			productType = "com.apple.product-type.application";
		};
		1DD3C804204D9EBA003E1595 /* 2048_of_LifeTests */ = {
			isa = PBXNativeTarget;
			buildConfigurationList = 1DD3C81C204D9EBA003E1595 /* Build configuration list for PBXNativeTarget "2048_of_LifeTests" */;
			buildPhases = (
				1DD3C801204D9EBA003E1595 /* Sources */,
				1DD3C802204D9EBA003E1595 /* Frameworks */,
				1DD3C803204D9EBA003E1595 /* Resources */,
			);
			buildRules = (
			);
			dependencies = (
				1DD3C807204D9EBA003E1595 /* PBXTargetDependency */,
			);
			name = 2048_of_LifeTests;
			productName = 2048_of_LifeTests;
			productReference = 1DD3C805204D9EBA003E1595 /* 2048_of_LifeTests.xctest */;
			productType = "com.apple.product-type.bundle.unit-test";
		};
		1DD3C80F204D9EBA003E1595 /* 2048_of_LifeUITests */ = {
			isa = PBXNativeTarget;
			buildConfigurationList = 1DD3C81F204D9EBA003E1595 /* Build configuration list for PBXNativeTarget "2048_of_LifeUITests" */;
			buildPhases = (
				1DD3C80C204D9EBA003E1595 /* Sources */,
				1DD3C80D204D9EBA003E1595 /* Frameworks */,
				1DD3C80E204D9EBA003E1595 /* Resources */,
			);
			buildRules = (
			);
			dependencies = (
				1DD3C812204D9EBA003E1595 /* PBXTargetDependency */,
			);
			name = 2048_of_LifeUITests;
			productName = 2048_of_LifeUITests;
			productReference = 1DD3C810204D9EBA003E1595 /* 2048_of_LifeUITests.xctest */;
			productType = "com.apple.product-type.bundle.ui-testing";
		};
/* End PBXNativeTarget section */

/* Begin PBXProject section */
		1DD3C7E9204D9EB8003E1595 /* Project object */ = {
			isa = PBXProject;
			attributes = {
				LastSwiftUpdateCheck = 0930;
				LastUpgradeCheck = 0930;
				ORGANIZATIONNAME = MysterE3;
				TargetAttributes = {
					1DD3C7F0204D9EB8003E1595 = {
						CreatedOnToolsVersion = 9.3;
					};
					1DD3C804204D9EBA003E1595 = {
						CreatedOnToolsVersion = 9.3;
						TestTargetID = 1DD3C7F0204D9EB8003E1595;
					};
					1DD3C80F204D9EBA003E1595 = {
						CreatedOnToolsVersion = 9.3;
						TestTargetID = 1DD3C7F0204D9EB8003E1595;
					};
				};
			};
			buildConfigurationList = 1DD3C7EC204D9EB8003E1595 /* Build configuration list for PBXProject "2048_of_Life" */;
			compatibilityVersion = "Xcode 9.3";
			developmentRegion = en;
			hasScannedForEncodings = 0;
			knownRegions = (
				en,
				Base,
			);
			mainGroup = 1DD3C7E8204D9EB8003E1595;
			productRefGroup = 1DD3C7F2204D9EB8003E1595 /* Products */;
			projectDirPath = "";
			projectRoot = "";
			targets = (
				1DD3C7F0204D9EB8003E1595 /* 2048_of_Life */,
				1DD3C804204D9EBA003E1595 /* 2048_of_LifeTests */,
				1DD3C80F204D9EBA003E1595 /* 2048_of_LifeUITests */,
			);
		};
/* End PBXProject section */

/* Begin PBXResourcesBuildPhase section */
		1DD3C7EF204D9EB8003E1595 /* Resources */ = {
			isa = PBXResourcesBuildPhase;
			buildActionMask = 2147483647;
			files = (
				1DD3C7FF204D9EBA003E1595 /* LaunchScreen.storyboard in Resources */,
				1DD3C7FC204D9EBA003E1595 /* Assets.xcassets in Resources */,
				1DD3C7FA204D9EB8003E1595 /* Main.storyboard in Resources */,
			);
			runOnlyForDeploymentPostprocessing = 0;
		};
		1DD3C803204D9EBA003E1595 /* Resources */ = {
			isa = PBXResourcesBuildPhase;
			buildActionMask = 2147483647;
			files = (
			);
			runOnlyForDeploymentPostprocessing = 0;
		};
		1DD3C80E204D9EBA003E1595 /* Resources */ = {
			isa = PBXResourcesBuildPhase;
			buildActionMask = 2147483647;
			files = (
			);
			runOnlyForDeploymentPostprocessing = 0;
		};
/* End PBXResourcesBuildPhase section */

/* Begin PBXSourcesBuildPhase section */
		1DD3C7ED204D9EB8003E1595 /* Sources */ = {
			isa = PBXSourcesBuildPhase;
			buildActionMask = 2147483647;
			files = (
				1DD3C7F7204D9EB8003E1595 /* ViewController.swift in Sources */,
				1DD3C82C204DA11F003E1595 /* Accessory.swift in Sources */,
				1DD3C824204DA0C0003E1595 /* Game.swift in Sources */,
				1DD3C830204DA142003E1595 /* AuxModel.swift in Sources */,
				1DD3C828204DA109003E1595 /* Board.swift in Sources */,
				1DD3C82A204DA111003E1595 /* Tile.swift in Sources */,
				1DD3C82E204DA130003E1595 /* GameModel.swift in Sources */,
				1DD3C7F5204D9EB8003E1595 /* AppDelegate.swift in Sources */,
				1DD3C826204DA0FF003E1595 /* Appearance.swift in Sources */,
			);
			runOnlyForDeploymentPostprocessing = 0;
		};
		1DD3C801204D9EBA003E1595 /* Sources */ = {
			isa = PBXSourcesBuildPhase;
			buildActionMask = 2147483647;
			files = (
				1DD3C80A204D9EBA003E1595 /* _048_of_LifeTests.swift in Sources */,
			);
			runOnlyForDeploymentPostprocessing = 0;
		};
		1DD3C80C204D9EBA003E1595 /* Sources */ = {
			isa = PBXSourcesBuildPhase;
			buildActionMask = 2147483647;
			files = (
				1DD3C815204D9EBA003E1595 /* _048_of_LifeUITests.swift in Sources */,
			);
			runOnlyForDeploymentPostprocessing = 0;
		};
/* End PBXSourcesBuildPhase section */

/* Begin PBXTargetDependency section */
		1DD3C807204D9EBA003E1595 /* PBXTargetDependency */ = {
			isa = PBXTargetDependency;
			target = 1DD3C7F0204D9EB8003E1595 /* 2048_of_Life */;
			targetProxy = 1DD3C806204D9EBA003E1595 /* PBXContainerItemProxy */;
		};
		1DD3C812204D9EBA003E1595 /* PBXTargetDependency */ = {
			isa = PBXTargetDependency;
			target = 1DD3C7F0204D9EB8003E1595 /* 2048_of_Life */;
			targetProxy = 1DD3C811204D9EBA003E1595 /* PBXContainerItemProxy */;
		};
/* End PBXTargetDependency section */

/* Begin PBXVariantGroup section */
		1DD3C7F8204D9EB8003E1595 /* Main.storyboard */ = {
			isa = PBXVariantGroup;
			children = (
				1DD3C7F9204D9EB8003E1595 /* Base */,
			);
			name = Main.storyboard;
			sourceTree = "<group>";
		};
		1DD3C7FD204D9EBA003E1595 /* LaunchScreen.storyboard */ = {
			isa = PBXVariantGroup;
			children = (
				1DD3C7FE204D9EBA003E1595 /* Base */,
			);
			name = LaunchScreen.storyboard;
			sourceTree = "<group>";
		};
/* End PBXVariantGroup section */

/* Begin XCBuildConfiguration section */
		1DD3C817204D9EBA003E1595 /* Debug */ = {
			isa = XCBuildConfiguration;
			buildSettings = {
				ALWAYS_SEARCH_USER_PATHS = NO;
				CLANG_ANALYZER_NONNULL = YES;
				CLANG_ANALYZER_NUMBER_OBJECT_CONVERSION = YES_AGGRESSIVE;
				CLANG_CXX_LANGUAGE_STANDARD = "gnu++14";
				CLANG_CXX_LIBRARY = "libc++";
				CLANG_ENABLE_MODULES = YES;
				CLANG_ENABLE_OBJC_ARC = YES;
				CLANG_ENABLE_OBJC_WEAK = YES;
				CLANG_WARN_BLOCK_CAPTURE_AUTORELEASING = YES;
				CLANG_WARN_BOOL_CONVERSION = YES;
				CLANG_WARN_COMMA = YES;
				CLANG_WARN_CONSTANT_CONVERSION = YES;
				CLANG_WARN_DEPRECATED_OBJC_IMPLEMENTATIONS = YES;
				CLANG_WARN_DIRECT_OBJC_ISA_USAGE = YES_ERROR;
				CLANG_WARN_DOCUMENTATION_COMMENTS = YES;
				CLANG_WARN_EMPTY_BODY = YES;
				CLANG_WARN_ENUM_CONVERSION = YES;
				CLANG_WARN_INFINITE_RECURSION = YES;
				CLANG_WARN_INT_CONVERSION = YES;
				CLANG_WARN_NON_LITERAL_NULL_CONVERSION = YES;
				CLANG_WARN_OBJC_IMPLICIT_RETAIN_SELF = YES;
				CLANG_WARN_OBJC_LITERAL_CONVERSION = YES;
				CLANG_WARN_OBJC_ROOT_CLASS = YES_ERROR;
				CLANG_WARN_RANGE_LOOP_ANALYSIS = YES;
				CLANG_WARN_STRICT_PROTOTYPES = YES;
				CLANG_WARN_SUSPICIOUS_MOVE = YES;
				CLANG_WARN_UNGUARDED_AVAILABILITY = YES_AGGRESSIVE;
				CLANG_WARN_UNREACHABLE_CODE = YES;
				CLANG_WARN__DUPLICATE_METHOD_MATCH = YES;
				CODE_SIGN_IDENTITY = "iPhone Developer";
				COPY_PHASE_STRIP = NO;
				DEBUG_INFORMATION_FORMAT = dwarf;
				ENABLE_STRICT_OBJC_MSGSEND = YES;
				ENABLE_TESTABILITY = YES;
				GCC_C_LANGUAGE_STANDARD = gnu11;
				GCC_DYNAMIC_NO_PIC = NO;
				GCC_NO_COMMON_BLOCKS = YES;
				GCC_OPTIMIZATION_LEVEL = 0;
				GCC_PREPROCESSOR_DEFINITIONS = (
					"DEBUG=1",
					"$(inherited)",
				);
				GCC_WARN_64_TO_32_BIT_CONVERSION = YES;
				GCC_WARN_ABOUT_RETURN_TYPE = YES_ERROR;
				GCC_WARN_UNDECLARED_SELECTOR = YES;
				GCC_WARN_UNINITIALIZED_AUTOS = YES_AGGRESSIVE;
				GCC_WARN_UNUSED_FUNCTION = YES;
				GCC_WARN_UNUSED_VARIABLE = YES;
				IPHONEOS_DEPLOYMENT_TARGET = 11.3;
				MTL_ENABLE_DEBUG_INFO = YES;
				ONLY_ACTIVE_ARCH = YES;
				SDKROOT = iphoneos;
				SWIFT_ACTIVE_COMPILATION_CONDITIONS = DEBUG;
				SWIFT_OPTIMIZATION_LEVEL = "-Onone";
			};
			name = Debug;
		};
		1DD3C818204D9EBA003E1595 /* Release */ = {
			isa = XCBuildConfiguration;
			buildSettings = {
				ALWAYS_SEARCH_USER_PATHS = NO;
				CLANG_ANALYZER_NONNULL = YES;
				CLANG_ANALYZER_NUMBER_OBJECT_CONVERSION = YES_AGGRESSIVE;
				CLANG_CXX_LANGUAGE_STANDARD = "gnu++14";
				CLANG_CXX_LIBRARY = "libc++";
				CLANG_ENABLE_MODULES = YES;
				CLANG_ENABLE_OBJC_ARC = YES;
				CLANG_ENABLE_OBJC_WEAK = YES;
				CLANG_WARN_BLOCK_CAPTURE_AUTORELEASING = YES;
				CLANG_WARN_BOOL_CONVERSION = YES;
				CLANG_WARN_COMMA = YES;
				CLANG_WARN_CONSTANT_CONVERSION = YES;
				CLANG_WARN_DEPRECATED_OBJC_IMPLEMENTATIONS = YES;
				CLANG_WARN_DIRECT_OBJC_ISA_USAGE = YES_ERROR;
				CLANG_WARN_DOCUMENTATION_COMMENTS = YES;
				CLANG_WARN_EMPTY_BODY = YES;
				CLANG_WARN_ENUM_CONVERSION = YES;
				CLANG_WARN_INFINITE_RECURSION = YES;
				CLANG_WARN_INT_CONVERSION = YES;
				CLANG_WARN_NON_LITERAL_NULL_CONVERSION = YES;
				CLANG_WARN_OBJC_IMPLICIT_RETAIN_SELF = YES;
				CLANG_WARN_OBJC_LITERAL_CONVERSION = YES;
				CLANG_WARN_OBJC_ROOT_CLASS = YES_ERROR;
				CLANG_WARN_RANGE_LOOP_ANALYSIS = YES;
				CLANG_WARN_STRICT_PROTOTYPES = YES;
				CLANG_WARN_SUSPICIOUS_MOVE = YES;
				CLANG_WARN_UNGUARDED_AVAILABILITY = YES_AGGRESSIVE;
				CLANG_WARN_UNREACHABLE_CODE = YES;
				CLANG_WARN__DUPLICATE_METHOD_MATCH = YES;
				CODE_SIGN_IDENTITY = "iPhone Developer";
				COPY_PHASE_STRIP = NO;
				DEBUG_INFORMATION_FORMAT = "dwarf-with-dsym";
				ENABLE_NS_ASSERTIONS = NO;
				ENABLE_STRICT_OBJC_MSGSEND = YES;
				GCC_C_LANGUAGE_STANDARD = gnu11;
				GCC_NO_COMMON_BLOCKS = YES;
				GCC_WARN_64_TO_32_BIT_CONVERSION = YES;
				GCC_WARN_ABOUT_RETURN_TYPE = YES_ERROR;
				GCC_WARN_UNDECLARED_SELECTOR = YES;
				GCC_WARN_UNINITIALIZED_AUTOS = YES_AGGRESSIVE;
				GCC_WARN_UNUSED_FUNCTION = YES;
				GCC_WARN_UNUSED_VARIABLE = YES;
				IPHONEOS_DEPLOYMENT_TARGET = 11.3;
				MTL_ENABLE_DEBUG_INFO = NO;
				SDKROOT = iphoneos;
				SWIFT_COMPILATION_MODE = wholemodule;
				SWIFT_OPTIMIZATION_LEVEL = "-O";
				VALIDATE_PRODUCT = YES;
			};
			name = Release;
		};
		1DD3C81A204D9EBA003E1595 /* Debug */ = {
			isa = XCBuildConfiguration;
			buildSettings = {
				ASSETCATALOG_COMPILER_APPICON_NAME = AppIcon;
				CODE_SIGN_STYLE = Automatic;
				DEVELOPMENT_TEAM = 59B4W7FHY3;
				INFOPLIST_FILE = 2048_of_Life/Info.plist;
				LD_RUNPATH_SEARCH_PATHS = (
					"$(inherited)",
					"@executable_path/Frameworks",
				);
				PRODUCT_BUNDLE_IDENTIFIER = "MysterE3.-048-of-Life";
				PRODUCT_NAME = "$(TARGET_NAME)";
				SWIFT_VERSION = 4.0;
				TARGETED_DEVICE_FAMILY = "1,2";
			};
			name = Debug;
		};
		1DD3C81B204D9EBA003E1595 /* Release */ = {
			isa = XCBuildConfiguration;
			buildSettings = {
				ASSETCATALOG_COMPILER_APPICON_NAME = AppIcon;
				CODE_SIGN_STYLE = Automatic;
				DEVELOPMENT_TEAM = 59B4W7FHY3;
				INFOPLIST_FILE = 2048_of_Life/Info.plist;
				LD_RUNPATH_SEARCH_PATHS = (
					"$(inherited)",
					"@executable_path/Frameworks",
				);
				PRODUCT_BUNDLE_IDENTIFIER = "MysterE3.-048-of-Life";
				PRODUCT_NAME = "$(TARGET_NAME)";
				SWIFT_VERSION = 4.0;
				TARGETED_DEVICE_FAMILY = "1,2";
			};
			name = Release;
		};
		1DD3C81D204D9EBA003E1595 /* Debug */ = {
			isa = XCBuildConfiguration;
			buildSettings = {
				ALWAYS_EMBED_SWIFT_STANDARD_LIBRARIES = YES;
				BUNDLE_LOADER = "$(TEST_HOST)";
				CODE_SIGN_STYLE = Automatic;
				DEVELOPMENT_TEAM = 59B4W7FHY3;
				INFOPLIST_FILE = 2048_of_LifeTests/Info.plist;
				LD_RUNPATH_SEARCH_PATHS = (
					"$(inherited)",
					"@executable_path/Frameworks",
					"@loader_path/Frameworks",
				);
				PRODUCT_BUNDLE_IDENTIFIER = "MysterE3.-048-of-LifeTests";
				PRODUCT_NAME = "$(TARGET_NAME)";
				SWIFT_VERSION = 4.0;
				TARGETED_DEVICE_FAMILY = "1,2";
				TEST_HOST = "$(BUILT_PRODUCTS_DIR)/2048_of_Life.app/2048_of_Life";
			};
			name = Debug;
		};
		1DD3C81E204D9EBA003E1595 /* Release */ = {
			isa = XCBuildConfiguration;
			buildSettings = {
				ALWAYS_EMBED_SWIFT_STANDARD_LIBRARIES = YES;
				BUNDLE_LOADER = "$(TEST_HOST)";
				CODE_SIGN_STYLE = Automatic;
				DEVELOPMENT_TEAM = 59B4W7FHY3;
				INFOPLIST_FILE = 2048_of_LifeTests/Info.plist;
				LD_RUNPATH_SEARCH_PATHS = (
					"$(inherited)",
					"@executable_path/Frameworks",
					"@loader_path/Frameworks",
				);
				PRODUCT_BUNDLE_IDENTIFIER = "MysterE3.-048-of-LifeTests";
				PRODUCT_NAME = "$(TARGET_NAME)";
				SWIFT_VERSION = 4.0;
				TARGETED_DEVICE_FAMILY = "1,2";
				TEST_HOST = "$(BUILT_PRODUCTS_DIR)/2048_of_Life.app/2048_of_Life";
			};
			name = Release;
		};
		1DD3C820204D9EBA003E1595 /* Debug */ = {
			isa = XCBuildConfiguration;
			buildSettings = {
				ALWAYS_EMBED_SWIFT_STANDARD_LIBRARIES = YES;
				CODE_SIGN_STYLE = Automatic;
				DEVELOPMENT_TEAM = 59B4W7FHY3;
				INFOPLIST_FILE = 2048_of_LifeUITests/Info.plist;
				LD_RUNPATH_SEARCH_PATHS = (
					"$(inherited)",
					"@executable_path/Frameworks",
					"@loader_path/Frameworks",
				);
				PRODUCT_BUNDLE_IDENTIFIER = "MysterE3.-048-of-LifeUITests";
				PRODUCT_NAME = "$(TARGET_NAME)";
				SWIFT_VERSION = 4.0;
				TARGETED_DEVICE_FAMILY = "1,2";
				TEST_TARGET_NAME = 2048_of_Life;
			};
			name = Debug;
		};
		1DD3C821204D9EBA003E1595 /* Release */ = {
			isa = XCBuildConfiguration;
			buildSettings = {
				ALWAYS_EMBED_SWIFT_STANDARD_LIBRARIES = YES;
				CODE_SIGN_STYLE = Automatic;
				DEVELOPMENT_TEAM = 59B4W7FHY3;
				INFOPLIST_FILE = 2048_of_LifeUITests/Info.plist;
				LD_RUNPATH_SEARCH_PATHS = (
					"$(inherited)",
					"@executable_path/Frameworks",
					"@loader_path/Frameworks",
				);
				PRODUCT_BUNDLE_IDENTIFIER = "MysterE3.-048-of-LifeUITests";
				PRODUCT_NAME = "$(TARGET_NAME)";
				SWIFT_VERSION = 4.0;
				TARGETED_DEVICE_FAMILY = "1,2";
				TEST_TARGET_NAME = 2048_of_Life;
			};
			name = Release;
		};
/* End XCBuildConfiguration section */

/* Begin XCConfigurationList section */
		1DD3C7EC204D9EB8003E1595 /* Build configuration list for PBXProject "2048_of_Life" */ = {
			isa = XCConfigurationList;
			buildConfigurations = (
				1DD3C817204D9EBA003E1595 /* Debug */,
				1DD3C818204D9EBA003E1595 /* Release */,
			);
			defaultConfigurationIsVisible = 0;
			defaultConfigurationName = Release;
		};
		1DD3C819204D9EBA003E1595 /* Build configuration list for PBXNativeTarget "2048_of_Life" */ = {
			isa = XCConfigurationList;
			buildConfigurations = (
				1DD3C81A204D9EBA003E1595 /* Debug */,
				1DD3C81B204D9EBA003E1595 /* Release */,
			);
			defaultConfigurationIsVisible = 0;
			defaultConfigurationName = Release;
		};
		1DD3C81C204D9EBA003E1595 /* Build configuration list for PBXNativeTarget "2048_of_LifeTests" */ = {
			isa = XCConfigurationList;
			buildConfigurations = (
				1DD3C81D204D9EBA003E1595 /* Debug */,
				1DD3C81E204D9EBA003E1595 /* Release */,
			);
			defaultConfigurationIsVisible = 0;
			defaultConfigurationName = Release;
		};
		1DD3C81F204D9EBA003E1595 /* Build configuration list for PBXNativeTarget "2048_of_LifeUITests" */ = {
			isa = XCConfigurationList;
			buildConfigurations = (
				1DD3C820204D9EBA003E1595 /* Debug */,
				1DD3C821204D9EBA003E1595 /* Release */,
			);
			defaultConfigurationIsVisible = 0;
			defaultConfigurationName = Release;
		};
/* End XCConfigurationList section */
	};
	rootObject = 1DD3C7E9204D9EB8003E1595 /* Project object */;
}
